// !$*UTF8*$!
{
	archiveVersion = 1;
	classes = {
	};
	objectVersion = 46;
	objects = {

/* Begin PBXBuildFile section */
		0C394E9A1D59D428007AA84A /* HHBannerView.m in Sources */ = {isa = PBXBuildFile; fileRef = 0C394E991D59D428007AA84A /* HHBannerView.m */; };
		0C394EBE1D59D60B007AA84A /* MKAnnotationView+WebCache.m in Sources */ = {isa = PBXBuildFile; fileRef = 0C394E9E1D59D60B007AA84A /* MKAnnotationView+WebCache.m */; };
		0C394EBF1D59D60B007AA84A /* NSData+ImageContentType.m in Sources */ = {isa = PBXBuildFile; fileRef = 0C394EA01D59D60B007AA84A /* NSData+ImageContentType.m */; };
		0C394EC01D59D60B007AA84A /* SDImageCache.m in Sources */ = {isa = PBXBuildFile; fileRef = 0C394EA21D59D60B007AA84A /* SDImageCache.m */; };
		0C394EC11D59D60B007AA84A /* SDWebImageCompat.m in Sources */ = {isa = PBXBuildFile; fileRef = 0C394EA41D59D60B007AA84A /* SDWebImageCompat.m */; };
		0C394EC21D59D60B007AA84A /* SDWebImageDecoder.m in Sources */ = {isa = PBXBuildFile; fileRef = 0C394EA61D59D60B007AA84A /* SDWebImageDecoder.m */; };
		0C394EC31D59D60B007AA84A /* SDWebImageDownloader.m in Sources */ = {isa = PBXBuildFile; fileRef = 0C394EA81D59D60B007AA84A /* SDWebImageDownloader.m */; };
		0C394EC41D59D60B007AA84A /* SDWebImageDownloaderOperation.m in Sources */ = {isa = PBXBuildFile; fileRef = 0C394EAA1D59D60B007AA84A /* SDWebImageDownloaderOperation.m */; };
		0C394EC51D59D60B007AA84A /* SDWebImageManager.m in Sources */ = {isa = PBXBuildFile; fileRef = 0C394EAC1D59D60B007AA84A /* SDWebImageManager.m */; };
		0C394EC61D59D60B007AA84A /* SDWebImagePrefetcher.m in Sources */ = {isa = PBXBuildFile; fileRef = 0C394EAF1D59D60B007AA84A /* SDWebImagePrefetcher.m */; };
		0C394EC71D59D60B007AA84A /* UIButton+WebCache.m in Sources */ = {isa = PBXBuildFile; fileRef = 0C394EB11D59D60B007AA84A /* UIButton+WebCache.m */; };
		0C394EC81D59D60B007AA84A /* UIImage+GIF.m in Sources */ = {isa = PBXBuildFile; fileRef = 0C394EB31D59D60B007AA84A /* UIImage+GIF.m */; };
		0C394EC91D59D60B007AA84A /* UIImage+MultiFormat.m in Sources */ = {isa = PBXBuildFile; fileRef = 0C394EB51D59D60B007AA84A /* UIImage+MultiFormat.m */; };
		0C394ECA1D59D60B007AA84A /* UIImage+WebP.m in Sources */ = {isa = PBXBuildFile; fileRef = 0C394EB71D59D60B007AA84A /* UIImage+WebP.m */; };
		0C394ECB1D59D60B007AA84A /* UIImageView+HighlightedWebCache.m in Sources */ = {isa = PBXBuildFile; fileRef = 0C394EB91D59D60B007AA84A /* UIImageView+HighlightedWebCache.m */; };
		0C394ECC1D59D60B007AA84A /* UIImageView+WebCache.m in Sources */ = {isa = PBXBuildFile; fileRef = 0C394EBB1D59D60B007AA84A /* UIImageView+WebCache.m */; };
		0C394ECD1D59D60B007AA84A /* UIView+WebCacheOperation.m in Sources */ = {isa = PBXBuildFile; fileRef = 0C394EBD1D59D60B007AA84A /* UIView+WebCacheOperation.m */; };
		0C3972491D6452FD00FEB5BD /* HHTableView.swift in Sources */ = {isa = PBXBuildFile; fileRef = 0C3972481D6452FD00FEB5BD /* HHTableView.swift */; };
		0C39724B1D645F7900FEB5BD /* HHPicDetailAndCommentView.swift in Sources */ = {isa = PBXBuildFile; fileRef = 0C39724A1D645F7900FEB5BD /* HHPicDetailAndCommentView.swift */; };
		0C5130681D6BE336000E7DBA /* HHMeFooterView.swift in Sources */ = {isa = PBXBuildFile; fileRef = 0C5130671D6BE336000E7DBA /* HHMeFooterView.swift */; };
		0C648E101D5C5DF1001A8F4E /* HHHomeHeaderView.swift in Sources */ = {isa = PBXBuildFile; fileRef = 0C648E0F1D5C5DF1001A8F4E /* HHHomeHeaderView.swift */; };
		0C648E161D5C7751001A8F4E /* NSDate+Category.swift in Sources */ = {isa = PBXBuildFile; fileRef = 0C648E151D5C7751001A8F4E /* NSDate+Category.swift */; };
		0C6D84FC1D66D0330059B8DA /* HHScrollView.swift in Sources */ = {isa = PBXBuildFile; fileRef = 0C6D84FB1D66D0330059B8DA /* HHScrollView.swift */; };
		0C722BDB1D5815B300DCEAD0 /* UIView+Extension.swift in Sources */ = {isa = PBXBuildFile; fileRef = 0C722BDA1D5815B300DCEAD0 /* UIView+Extension.swift */; };
		0C722BDD1D5816E800DCEAD0 /* DantangChoiceViewController.swift in Sources */ = {isa = PBXBuildFile; fileRef = 0C722BDC1D5816E800DCEAD0 /* DantangChoiceViewController.swift */; };
		0C722BDF1D58173E00DCEAD0 /* DantangClassifyViewController.swift in Sources */ = {isa = PBXBuildFile; fileRef = 0C722BDE1D58173E00DCEAD0 /* DantangClassifyViewController.swift */; };
		0C722BE11D58179700DCEAD0 /* UIColor+Category.swift in Sources */ = {isa = PBXBuildFile; fileRef = 0C722BE01D58179700DCEAD0 /* UIColor+Category.swift */; };
		0C722BE31D58697C00DCEAD0 /* HHDantangChoiceCell.swift in Sources */ = {isa = PBXBuildFile; fileRef = 0C722BE21D58697C00DCEAD0 /* HHDantangChoiceCell.swift */; };
		0C88B7E91D5439FE00B9DA08 /* AppDelegate.swift in Sources */ = {isa = PBXBuildFile; fileRef = 0C88B7E81D5439FE00B9DA08 /* AppDelegate.swift */; };
		0C88B7F01D5439FE00B9DA08 /* Assets.xcassets in Resources */ = {isa = PBXBuildFile; fileRef = 0C88B7EF1D5439FE00B9DA08 /* Assets.xcassets */; };
		0C88B7F31D5439FE00B9DA08 /* LaunchScreen.storyboard in Resources */ = {isa = PBXBuildFile; fileRef = 0C88B7F11D5439FE00B9DA08 /* LaunchScreen.storyboard */; };
		0C88B8101D543C6E00B9DA08 /* HHTabbarController.swift in Sources */ = {isa = PBXBuildFile; fileRef = 0C88B80F1D543C6E00B9DA08 /* HHTabbarController.swift */; };
		0C88B8121D543CCF00B9DA08 /* HHNavigationController.swift in Sources */ = {isa = PBXBuildFile; fileRef = 0C88B8111D543CCF00B9DA08 /* HHNavigationController.swift */; };
		0C88B8141D543CDC00B9DA08 /* HHBaseViewController.swift in Sources */ = {isa = PBXBuildFile; fileRef = 0C88B8131D543CDC00B9DA08 /* HHBaseViewController.swift */; };
		0C88B8161D543D6600B9DA08 /* HHDantanController.swift in Sources */ = {isa = PBXBuildFile; fileRef = 0C88B8151D543D6600B9DA08 /* HHDantanController.swift */; };
		0C88B8181D543D7800B9DA08 /* HHProductController.swift in Sources */ = {isa = PBXBuildFile; fileRef = 0C88B8171D543D7800B9DA08 /* HHProductController.swift */; };
		0C88B81A1D543D8B00B9DA08 /* HHClassifyController.swift in Sources */ = {isa = PBXBuildFile; fileRef = 0C88B8191D543D8B00B9DA08 /* HHClassifyController.swift */; };
		0C88B81C1D543D9900B9DA08 /* HHMeViewController.swift in Sources */ = {isa = PBXBuildFile; fileRef = 0C88B81B1D543D9900B9DA08 /* HHMeViewController.swift */; };
		0C88B8221D54565100B9DA08 /* HHCommon.swift in Sources */ = {isa = PBXBuildFile; fileRef = 0C88B8211D54565100B9DA08 /* HHCommon.swift */; };
		0C88B8251D545C4500B9DA08 /* HHProductCell.swift in Sources */ = {isa = PBXBuildFile; fileRef = 0C88B8241D545C4500B9DA08 /* HHProductCell.swift */; };
		0C88B8271D545E4E00B9DA08 /* HHDanTangCell.swift in Sources */ = {isa = PBXBuildFile; fileRef = 0C88B8261D545E4E00B9DA08 /* HHDanTangCell.swift */; };
		0C88B8291D546BB200B9DA08 /* 1_1.jpg in Resources */ = {isa = PBXBuildFile; fileRef = 0C88B8281D546BB200B9DA08 /* 1_1.jpg */; };
		0C88B82B1D547EA800B9DA08 /* HHProductModel.swift in Sources */ = {isa = PBXBuildFile; fileRef = 0C88B82A1D547EA800B9DA08 /* HHProductModel.swift */; };
		0C88B82D1D54976200B9DA08 /* HHNetWorkTool.swift in Sources */ = {isa = PBXBuildFile; fileRef = 0C88B82C1D54976200B9DA08 /* HHNetWorkTool.swift */; };
		0C917B6D1D5B05B000AE62DB /* HHProductDetailViewController.swift in Sources */ = {isa = PBXBuildFile; fileRef = 0C917B6C1D5B05B000AE62DB /* HHProductDetailViewController.swift */; };
		0C917B6F1D5B141F00AE62DB /* HHChannel.swift in Sources */ = {isa = PBXBuildFile; fileRef = 0C917B6E1D5B141F00AE62DB /* HHChannel.swift */; };
		0C917B711D5B289E00AE62DB /* HHBannerModel.swift in Sources */ = {isa = PBXBuildFile; fileRef = 0C917B701D5B289E00AE62DB /* HHBannerModel.swift */; };
		0C917B731D5B347000AE62DB /* HHHomeItem.swift in Sources */ = {isa = PBXBuildFile; fileRef = 0C917B721D5B347000AE62DB /* HHHomeItem.swift */; };
		0C96895D1D62E3770089A1CE /* HHDantangDetailViewController.swift in Sources */ = {isa = PBXBuildFile; fileRef = 0C96895C1D62E3770089A1CE /* HHDantangDetailViewController.swift */; };
		0C96EBEB1D6A9E7400DF6013 /* HHProductDetailModel.swift in Sources */ = {isa = PBXBuildFile; fileRef = 0C96EBEA1D6A9E7400DF6013 /* HHProductDetailModel.swift */; };
		0C96EBED1D6AC56900DF6013 /* HHCommentCell.swift in Sources */ = {isa = PBXBuildFile; fileRef = 0C96EBEC1D6AC56900DF6013 /* HHCommentCell.swift */; };
		0C96EBEF1D6AD3C900DF6013 /* HHProductCommentModel.swift in Sources */ = {isa = PBXBuildFile; fileRef = 0C96EBEE1D6AD3C900DF6013 /* HHProductCommentModel.swift */; };
		0C96EBF11D6AE97400DF6013 /* HHMeHeaderView.swift in Sources */ = {isa = PBXBuildFile; fileRef = 0C96EBF01D6AE97400DF6013 /* HHMeHeaderView.swift */; };
		0CAA2BC01D65B1930091E047 /* HHProductDetailTopCell.swift in Sources */ = {isa = PBXBuildFile; fileRef = 0CAA2BBF1D65B1930091E047 /* HHProductDetailTopCell.swift */; };
		69B7AAD6689B4810A336C98D /* Pods.framework in Frameworks */ = {isa = PBXBuildFile; fileRef = 5B7956724C578E6CE1491CD1 /* Pods.framework */; };
/* End PBXBuildFile section */

/* Begin PBXFileReference section */
		0C394E971D59D427007AA84A /* HH_Dantang(Swift)-Bridging-Header.h */ = {isa = PBXFileReference; lastKnownFileType = sourcecode.c.h; path = "HH_Dantang(Swift)-Bridging-Header.h"; sourceTree = "<group>"; };
		0C394E981D59D428007AA84A /* HHBannerView.h */ = {isa = PBXFileReference; fileEncoding = 4; lastKnownFileType = sourcecode.c.h; path = HHBannerView.h; sourceTree = "<group>"; };
		0C394E991D59D428007AA84A /* HHBannerView.m */ = {isa = PBXFileReference; fileEncoding = 4; lastKnownFileType = sourcecode.c.objc; path = HHBannerView.m; sourceTree = "<group>"; };
		0C394E9D1D59D60B007AA84A /* MKAnnotationView+WebCache.h */ = {isa = PBXFileReference; fileEncoding = 4; lastKnownFileType = sourcecode.c.h; path = "MKAnnotationView+WebCache.h"; sourceTree = "<group>"; };
		0C394E9E1D59D60B007AA84A /* MKAnnotationView+WebCache.m */ = {isa = PBXFileReference; fileEncoding = 4; lastKnownFileType = sourcecode.c.objc; path = "MKAnnotationView+WebCache.m"; sourceTree = "<group>"; };
		0C394E9F1D59D60B007AA84A /* NSData+ImageContentType.h */ = {isa = PBXFileReference; fileEncoding = 4; lastKnownFileType = sourcecode.c.h; path = "NSData+ImageContentType.h"; sourceTree = "<group>"; };
		0C394EA01D59D60B007AA84A /* NSData+ImageContentType.m */ = {isa = PBXFileReference; fileEncoding = 4; lastKnownFileType = sourcecode.c.objc; path = "NSData+ImageContentType.m"; sourceTree = "<group>"; };
		0C394EA11D59D60B007AA84A /* SDImageCache.h */ = {isa = PBXFileReference; fileEncoding = 4; lastKnownFileType = sourcecode.c.h; path = SDImageCache.h; sourceTree = "<group>"; };
		0C394EA21D59D60B007AA84A /* SDImageCache.m */ = {isa = PBXFileReference; fileEncoding = 4; lastKnownFileType = sourcecode.c.objc; path = SDImageCache.m; sourceTree = "<group>"; };
		0C394EA31D59D60B007AA84A /* SDWebImageCompat.h */ = {isa = PBXFileReference; fileEncoding = 4; lastKnownFileType = sourcecode.c.h; path = SDWebImageCompat.h; sourceTree = "<group>"; };
		0C394EA41D59D60B007AA84A /* SDWebImageCompat.m */ = {isa = PBXFileReference; fileEncoding = 4; lastKnownFileType = sourcecode.c.objc; path = SDWebImageCompat.m; sourceTree = "<group>"; };
		0C394EA51D59D60B007AA84A /* SDWebImageDecoder.h */ = {isa = PBXFileReference; fileEncoding = 4; lastKnownFileType = sourcecode.c.h; path = SDWebImageDecoder.h; sourceTree = "<group>"; };
		0C394EA61D59D60B007AA84A /* SDWebImageDecoder.m */ = {isa = PBXFileReference; fileEncoding = 4; lastKnownFileType = sourcecode.c.objc; path = SDWebImageDecoder.m; sourceTree = "<group>"; };
		0C394EA71D59D60B007AA84A /* SDWebImageDownloader.h */ = {isa = PBXFileReference; fileEncoding = 4; lastKnownFileType = sourcecode.c.h; path = SDWebImageDownloader.h; sourceTree = "<group>"; };
		0C394EA81D59D60B007AA84A /* SDWebImageDownloader.m */ = {isa = PBXFileReference; fileEncoding = 4; lastKnownFileType = sourcecode.c.objc; path = SDWebImageDownloader.m; sourceTree = "<group>"; };
		0C394EA91D59D60B007AA84A /* SDWebImageDownloaderOperation.h */ = {isa = PBXFileReference; fileEncoding = 4; lastKnownFileType = sourcecode.c.h; path = SDWebImageDownloaderOperation.h; sourceTree = "<group>"; };
		0C394EAA1D59D60B007AA84A /* SDWebImageDownloaderOperation.m */ = {isa = PBXFileReference; fileEncoding = 4; lastKnownFileType = sourcecode.c.objc; path = SDWebImageDownloaderOperation.m; sourceTree = "<group>"; };
		0C394EAB1D59D60B007AA84A /* SDWebImageManager.h */ = {isa = PBXFileReference; fileEncoding = 4; lastKnownFileType = sourcecode.c.h; path = SDWebImageManager.h; sourceTree = "<group>"; };
		0C394EAC1D59D60B007AA84A /* SDWebImageManager.m */ = {isa = PBXFileReference; fileEncoding = 4; lastKnownFileType = sourcecode.c.objc; path = SDWebImageManager.m; sourceTree = "<group>"; };
		0C394EAD1D59D60B007AA84A /* SDWebImageOperation.h */ = {isa = PBXFileReference; fileEncoding = 4; lastKnownFileType = sourcecode.c.h; path = SDWebImageOperation.h; sourceTree = "<group>"; };
		0C394EAE1D59D60B007AA84A /* SDWebImagePrefetcher.h */ = {isa = PBXFileReference; fileEncoding = 4; lastKnownFileType = sourcecode.c.h; path = SDWebImagePrefetcher.h; sourceTree = "<group>"; };
		0C394EAF1D59D60B007AA84A /* SDWebImagePrefetcher.m */ = {isa = PBXFileReference; fileEncoding = 4; lastKnownFileType = sourcecode.c.objc; path = SDWebImagePrefetcher.m; sourceTree = "<group>"; };
		0C394EB01D59D60B007AA84A /* UIButton+WebCache.h */ = {isa = PBXFileReference; fileEncoding = 4; lastKnownFileType = sourcecode.c.h; path = "UIButton+WebCache.h"; sourceTree = "<group>"; };
		0C394EB11D59D60B007AA84A /* UIButton+WebCache.m */ = {isa = PBXFileReference; fileEncoding = 4; lastKnownFileType = sourcecode.c.objc; path = "UIButton+WebCache.m"; sourceTree = "<group>"; };
		0C394EB21D59D60B007AA84A /* UIImage+GIF.h */ = {isa = PBXFileReference; fileEncoding = 4; lastKnownFileType = sourcecode.c.h; path = "UIImage+GIF.h"; sourceTree = "<group>"; };
		0C394EB31D59D60B007AA84A /* UIImage+GIF.m */ = {isa = PBXFileReference; fileEncoding = 4; lastKnownFileType = sourcecode.c.objc; path = "UIImage+GIF.m"; sourceTree = "<group>"; };
		0C394EB41D59D60B007AA84A /* UIImage+MultiFormat.h */ = {isa = PBXFileReference; fileEncoding = 4; lastKnownFileType = sourcecode.c.h; path = "UIImage+MultiFormat.h"; sourceTree = "<group>"; };
		0C394EB51D59D60B007AA84A /* UIImage+MultiFormat.m */ = {isa = PBXFileReference; fileEncoding = 4; lastKnownFileType = sourcecode.c.objc; path = "UIImage+MultiFormat.m"; sourceTree = "<group>"; };
		0C394EB61D59D60B007AA84A /* UIImage+WebP.h */ = {isa = PBXFileReference; fileEncoding = 4; lastKnownFileType = sourcecode.c.h; path = "UIImage+WebP.h"; sourceTree = "<group>"; };
		0C394EB71D59D60B007AA84A /* UIImage+WebP.m */ = {isa = PBXFileReference; fileEncoding = 4; lastKnownFileType = sourcecode.c.objc; path = "UIImage+WebP.m"; sourceTree = "<group>"; };
		0C394EB81D59D60B007AA84A /* UIImageView+HighlightedWebCache.h */ = {isa = PBXFileReference; fileEncoding = 4; lastKnownFileType = sourcecode.c.h; path = "UIImageView+HighlightedWebCache.h"; sourceTree = "<group>"; };
		0C394EB91D59D60B007AA84A /* UIImageView+HighlightedWebCache.m */ = {isa = PBXFileReference; fileEncoding = 4; lastKnownFileType = sourcecode.c.objc; path = "UIImageView+HighlightedWebCache.m"; sourceTree = "<group>"; };
		0C394EBA1D59D60B007AA84A /* UIImageView+WebCache.h */ = {isa = PBXFileReference; fileEncoding = 4; lastKnownFileType = sourcecode.c.h; path = "UIImageView+WebCache.h"; sourceTree = "<group>"; };
		0C394EBB1D59D60B007AA84A /* UIImageView+WebCache.m */ = {isa = PBXFileReference; fileEncoding = 4; lastKnownFileType = sourcecode.c.objc; path = "UIImageView+WebCache.m"; sourceTree = "<group>"; };
		0C394EBC1D59D60B007AA84A /* UIView+WebCacheOperation.h */ = {isa = PBXFileReference; fileEncoding = 4; lastKnownFileType = sourcecode.c.h; path = "UIView+WebCacheOperation.h"; sourceTree = "<group>"; };
		0C394EBD1D59D60B007AA84A /* UIView+WebCacheOperation.m */ = {isa = PBXFileReference; fileEncoding = 4; lastKnownFileType = sourcecode.c.objc; path = "UIView+WebCacheOperation.m"; sourceTree = "<group>"; };
		0C3972481D6452FD00FEB5BD /* HHTableView.swift */ = {isa = PBXFileReference; fileEncoding = 4; lastKnownFileType = sourcecode.swift; path = HHTableView.swift; sourceTree = "<group>"; };
		0C39724A1D645F7900FEB5BD /* HHPicDetailAndCommentView.swift */ = {isa = PBXFileReference; fileEncoding = 4; lastKnownFileType = sourcecode.swift; path = HHPicDetailAndCommentView.swift; sourceTree = "<group>"; };
		0C5130671D6BE336000E7DBA /* HHMeFooterView.swift */ = {isa = PBXFileReference; fileEncoding = 4; lastKnownFileType = sourcecode.swift; path = HHMeFooterView.swift; sourceTree = "<group>"; };
		0C648E0F1D5C5DF1001A8F4E /* HHHomeHeaderView.swift */ = {isa = PBXFileReference; fileEncoding = 4; lastKnownFileType = sourcecode.swift; path = HHHomeHeaderView.swift; sourceTree = "<group>"; };
		0C648E151D5C7751001A8F4E /* NSDate+Category.swift */ = {isa = PBXFileReference; fileEncoding = 4; lastKnownFileType = sourcecode.swift; path = "NSDate+Category.swift"; sourceTree = "<group>"; };
		0C6D84FB1D66D0330059B8DA /* HHScrollView.swift */ = {isa = PBXFileReference; fileEncoding = 4; lastKnownFileType = sourcecode.swift; path = HHScrollView.swift; sourceTree = "<group>"; };
		0C722BDA1D5815B300DCEAD0 /* UIView+Extension.swift */ = {isa = PBXFileReference; fileEncoding = 4; lastKnownFileType = sourcecode.swift; path = "UIView+Extension.swift"; sourceTree = "<group>"; };
		0C722BDC1D5816E800DCEAD0 /* DantangChoiceViewController.swift */ = {isa = PBXFileReference; fileEncoding = 4; lastKnownFileType = sourcecode.swift; path = DantangChoiceViewController.swift; sourceTree = "<group>"; };
		0C722BDE1D58173E00DCEAD0 /* DantangClassifyViewController.swift */ = {isa = PBXFileReference; fileEncoding = 4; lastKnownFileType = sourcecode.swift; path = DantangClassifyViewController.swift; sourceTree = "<group>"; };
		0C722BE01D58179700DCEAD0 /* UIColor+Category.swift */ = {isa = PBXFileReference; fileEncoding = 4; lastKnownFileType = sourcecode.swift; path = "UIColor+Category.swift"; sourceTree = "<group>"; };
		0C722BE21D58697C00DCEAD0 /* HHDantangChoiceCell.swift */ = {isa = PBXFileReference; fileEncoding = 4; lastKnownFileType = sourcecode.swift; path = HHDantangChoiceCell.swift; sourceTree = "<group>"; };
		0C88B7E51D5439FE00B9DA08 /* HH_Dantang(Swift).app */ = {isa = PBXFileReference; explicitFileType = wrapper.application; includeInIndex = 0; path = "HH_Dantang(Swift).app"; sourceTree = BUILT_PRODUCTS_DIR; };
		0C88B7E81D5439FE00B9DA08 /* AppDelegate.swift */ = {isa = PBXFileReference; lastKnownFileType = sourcecode.swift; path = AppDelegate.swift; sourceTree = "<group>"; };
		0C88B7EF1D5439FE00B9DA08 /* Assets.xcassets */ = {isa = PBXFileReference; lastKnownFileType = folder.assetcatalog; path = Assets.xcassets; sourceTree = "<group>"; };
		0C88B7F21D5439FE00B9DA08 /* Base */ = {isa = PBXFileReference; lastKnownFileType = file.storyboard; name = Base; path = Base.lproj/LaunchScreen.storyboard; sourceTree = "<group>"; };
		0C88B7F41D5439FE00B9DA08 /* Info.plist */ = {isa = PBXFileReference; lastKnownFileType = text.plist.xml; path = Info.plist; sourceTree = "<group>"; };
		0C88B80F1D543C6E00B9DA08 /* HHTabbarController.swift */ = {isa = PBXFileReference; fileEncoding = 4; lastKnownFileType = sourcecode.swift; path = HHTabbarController.swift; sourceTree = "<group>"; };
		0C88B8111D543CCF00B9DA08 /* HHNavigationController.swift */ = {isa = PBXFileReference; fileEncoding = 4; lastKnownFileType = sourcecode.swift; path = HHNavigationController.swift; sourceTree = "<group>"; };
		0C88B8131D543CDC00B9DA08 /* HHBaseViewController.swift */ = {isa = PBXFileReference; fileEncoding = 4; lastKnownFileType = sourcecode.swift; path = HHBaseViewController.swift; sourceTree = "<group>"; };
		0C88B8151D543D6600B9DA08 /* HHDantanController.swift */ = {isa = PBXFileReference; fileEncoding = 4; lastKnownFileType = sourcecode.swift; path = HHDantanController.swift; sourceTree = "<group>"; };
		0C88B8171D543D7800B9DA08 /* HHProductController.swift */ = {isa = PBXFileReference; fileEncoding = 4; lastKnownFileType = sourcecode.swift; path = HHProductController.swift; sourceTree = "<group>"; };
		0C88B8191D543D8B00B9DA08 /* HHClassifyController.swift */ = {isa = PBXFileReference; fileEncoding = 4; lastKnownFileType = sourcecode.swift; path = HHClassifyController.swift; sourceTree = "<group>"; };
		0C88B81B1D543D9900B9DA08 /* HHMeViewController.swift */ = {isa = PBXFileReference; fileEncoding = 4; lastKnownFileType = sourcecode.swift; path = HHMeViewController.swift; sourceTree = "<group>"; };
		0C88B8211D54565100B9DA08 /* HHCommon.swift */ = {isa = PBXFileReference; fileEncoding = 4; lastKnownFileType = sourcecode.swift; path = HHCommon.swift; sourceTree = "<group>"; };
		0C88B8241D545C4500B9DA08 /* HHProductCell.swift */ = {isa = PBXFileReference; fileEncoding = 4; lastKnownFileType = sourcecode.swift; path = HHProductCell.swift; sourceTree = "<group>"; };
		0C88B8261D545E4E00B9DA08 /* HHDanTangCell.swift */ = {isa = PBXFileReference; fileEncoding = 4; lastKnownFileType = sourcecode.swift; path = HHDanTangCell.swift; sourceTree = "<group>"; };
		0C88B8281D546BB200B9DA08 /* 1_1.jpg */ = {isa = PBXFileReference; lastKnownFileType = image.jpeg; path = 1_1.jpg; sourceTree = "<group>"; };
		0C88B82A1D547EA800B9DA08 /* HHProductModel.swift */ = {isa = PBXFileReference; fileEncoding = 4; lastKnownFileType = sourcecode.swift; path = HHProductModel.swift; sourceTree = "<group>"; };
		0C88B82C1D54976200B9DA08 /* HHNetWorkTool.swift */ = {isa = PBXFileReference; fileEncoding = 4; lastKnownFileType = sourcecode.swift; path = HHNetWorkTool.swift; sourceTree = "<group>"; };
		0C917B6C1D5B05B000AE62DB /* HHProductDetailViewController.swift */ = {isa = PBXFileReference; fileEncoding = 4; lastKnownFileType = sourcecode.swift; path = HHProductDetailViewController.swift; sourceTree = "<group>"; };
		0C917B6E1D5B141F00AE62DB /* HHChannel.swift */ = {isa = PBXFileReference; fileEncoding = 4; lastKnownFileType = sourcecode.swift; path = HHChannel.swift; sourceTree = "<group>"; };
		0C917B701D5B289E00AE62DB /* HHBannerModel.swift */ = {isa = PBXFileReference; fileEncoding = 4; lastKnownFileType = sourcecode.swift; path = HHBannerModel.swift; sourceTree = "<group>"; };
		0C917B721D5B347000AE62DB /* HHHomeItem.swift */ = {isa = PBXFileReference; fileEncoding = 4; lastKnownFileType = sourcecode.swift; path = HHHomeItem.swift; sourceTree = "<group>"; };
		0C96895C1D62E3770089A1CE /* HHDantangDetailViewController.swift */ = {isa = PBXFileReference; fileEncoding = 4; lastKnownFileType = sourcecode.swift; path = HHDantangDetailViewController.swift; sourceTree = "<group>"; };
		0C96EBEA1D6A9E7400DF6013 /* HHProductDetailModel.swift */ = {isa = PBXFileReference; fileEncoding = 4; lastKnownFileType = sourcecode.swift; path = HHProductDetailModel.swift; sourceTree = "<group>"; };
		0C96EBEC1D6AC56900DF6013 /* HHCommentCell.swift */ = {isa = PBXFileReference; fileEncoding = 4; lastKnownFileType = sourcecode.swift; path = HHCommentCell.swift; sourceTree = "<group>"; };
		0C96EBEE1D6AD3C900DF6013 /* HHProductCommentModel.swift */ = {isa = PBXFileReference; fileEncoding = 4; lastKnownFileType = sourcecode.swift; path = HHProductCommentModel.swift; sourceTree = "<group>"; };
		0C96EBF01D6AE97400DF6013 /* HHMeHeaderView.swift */ = {isa = PBXFileReference; fileEncoding = 4; lastKnownFileType = sourcecode.swift; path = HHMeHeaderView.swift; sourceTree = "<group>"; };
		0CAA2BBF1D65B1930091E047 /* HHProductDetailTopCell.swift */ = {isa = PBXFileReference; fileEncoding = 4; lastKnownFileType = sourcecode.swift; path = HHProductDetailTopCell.swift; sourceTree = "<group>"; };
		3F0EEEC3DE071D7E33ADE654 /* Pods.release.xcconfig */ = {isa = PBXFileReference; includeInIndex = 1; lastKnownFileType = text.xcconfig; name = Pods.release.xcconfig; path = "Pods/Target Support Files/Pods/Pods.release.xcconfig"; sourceTree = "<group>"; };
		5B7956724C578E6CE1491CD1 /* Pods.framework */ = {isa = PBXFileReference; explicitFileType = wrapper.framework; includeInIndex = 0; path = Pods.framework; sourceTree = BUILT_PRODUCTS_DIR; };
		7483EC2C201B51D2037D03EA /* Pods.debug.xcconfig */ = {isa = PBXFileReference; includeInIndex = 1; lastKnownFileType = text.xcconfig; name = Pods.debug.xcconfig; path = "Pods/Target Support Files/Pods/Pods.debug.xcconfig"; sourceTree = "<group>"; };
/* End PBXFileReference section */

/* Begin PBXFrameworksBuildPhase section */
		0C88B7E21D5439FE00B9DA08 /* Frameworks */ = {
			isa = PBXFrameworksBuildPhase;
			buildActionMask = 2147483647;
			files = (
				69B7AAD6689B4810A336C98D /* Pods.framework in Frameworks */,
			);
			runOnlyForDeploymentPostprocessing = 0;
		};
/* End PBXFrameworksBuildPhase section */

/* Begin PBXGroup section */
		0C394E9B1D59D5AA007AA84A /* Vender */ = {
			isa = PBXGroup;
			children = (
				0C394E9C1D59D60B007AA84A /* SDWebImage */,
			);
			name = Vender;
			path = Me;
			sourceTree = "<group>";
		};
		0C394E9C1D59D60B007AA84A /* SDWebImage */ = {
			isa = PBXGroup;
			children = (
				0C394E9D1D59D60B007AA84A /* MKAnnotationView+WebCache.h */,
				0C394E9E1D59D60B007AA84A /* MKAnnotationView+WebCache.m */,
				0C394E9F1D59D60B007AA84A /* NSData+ImageContentType.h */,
				0C394EA01D59D60B007AA84A /* NSData+ImageContentType.m */,
				0C394EA11D59D60B007AA84A /* SDImageCache.h */,
				0C394EA21D59D60B007AA84A /* SDImageCache.m */,
				0C394EA31D59D60B007AA84A /* SDWebImageCompat.h */,
				0C394EA41D59D60B007AA84A /* SDWebImageCompat.m */,
				0C394EA51D59D60B007AA84A /* SDWebImageDecoder.h */,
				0C394EA61D59D60B007AA84A /* SDWebImageDecoder.m */,
				0C394EA71D59D60B007AA84A /* SDWebImageDownloader.h */,
				0C394EA81D59D60B007AA84A /* SDWebImageDownloader.m */,
				0C394EA91D59D60B007AA84A /* SDWebImageDownloaderOperation.h */,
				0C394EAA1D59D60B007AA84A /* SDWebImageDownloaderOperation.m */,
				0C394EAB1D59D60B007AA84A /* SDWebImageManager.h */,
				0C394EAC1D59D60B007AA84A /* SDWebImageManager.m */,
				0C394EAD1D59D60B007AA84A /* SDWebImageOperation.h */,
				0C394EAE1D59D60B007AA84A /* SDWebImagePrefetcher.h */,
				0C394EAF1D59D60B007AA84A /* SDWebImagePrefetcher.m */,
				0C394EB01D59D60B007AA84A /* UIButton+WebCache.h */,
				0C394EB11D59D60B007AA84A /* UIButton+WebCache.m */,
				0C394EB21D59D60B007AA84A /* UIImage+GIF.h */,
				0C394EB31D59D60B007AA84A /* UIImage+GIF.m */,
				0C394EB41D59D60B007AA84A /* UIImage+MultiFormat.h */,
				0C394EB51D59D60B007AA84A /* UIImage+MultiFormat.m */,
				0C394EB61D59D60B007AA84A /* UIImage+WebP.h */,
				0C394EB71D59D60B007AA84A /* UIImage+WebP.m */,
				0C394EB81D59D60B007AA84A /* UIImageView+HighlightedWebCache.h */,
				0C394EB91D59D60B007AA84A /* UIImageView+HighlightedWebCache.m */,
				0C394EBA1D59D60B007AA84A /* UIImageView+WebCache.h */,
				0C394EBB1D59D60B007AA84A /* UIImageView+WebCache.m */,
				0C394EBC1D59D60B007AA84A /* UIView+WebCacheOperation.h */,
				0C394EBD1D59D60B007AA84A /* UIView+WebCacheOperation.m */,
			);
			path = SDWebImage;
			sourceTree = "<group>";
		};
		0C88B7DC1D5439FE00B9DA08 = {
			isa = PBXGroup;
			children = (
				0C88B7E71D5439FE00B9DA08 /* HH_Dantang(Swift) */,
				0C88B7E61D5439FE00B9DA08 /* Products */,
				5D1FACEC99814A3187D488E7 /* Pods */,
				97DBC88FE05918A5DA818566 /* Frameworks */,
			);
			sourceTree = "<group>";
		};
		0C88B7E61D5439FE00B9DA08 /* Products */ = {
			isa = PBXGroup;
			children = (
				0C88B7E51D5439FE00B9DA08 /* HH_Dantang(Swift).app */,
			);
			name = Products;
			sourceTree = "<group>";
		};
		0C88B7E71D5439FE00B9DA08 /* HH_Dantang(Swift) */ = {
			isa = PBXGroup;
			children = (
				0C88B7FA1D543B6500B9DA08 /* Classes */,
				0C88B7E81D5439FE00B9DA08 /* AppDelegate.swift */,
				0C88B7EF1D5439FE00B9DA08 /* Assets.xcassets */,
				0C88B7F11D5439FE00B9DA08 /* LaunchScreen.storyboard */,
				0C88B7F41D5439FE00B9DA08 /* Info.plist */,
				0C88B8281D546BB200B9DA08 /* 1_1.jpg */,
			);
			path = "HH_Dantang(Swift)";
			sourceTree = "<group>";
		};
		0C88B7FA1D543B6500B9DA08 /* Classes */ = {
			isa = PBXGroup;
			children = (
				0C88B8031D543B6500B9DA08 /* Main */,
				0C88B7FF1D543B6500B9DA08 /* Dantang */,
				0C88B80B1D543B6500B9DA08 /* Product */,
				0C88B7FB1D543B6500B9DA08 /* Classify */,
				0C88B8071D543B6500B9DA08 /* Me */,
				0C394E9B1D59D5AA007AA84A /* Vender */,
			);
			path = Classes;
			sourceTree = "<group>";
		};
		0C88B7FB1D543B6500B9DA08 /* Classify */ = {
			isa = PBXGroup;
			children = (
				0C88B7FC1D543B6500B9DA08 /* Controllers */,
				0C88B7FD1D543B6500B9DA08 /* Models */,
				0C88B7FE1D543B6500B9DA08 /* Views */,
			);
			path = Classify;
			sourceTree = "<group>";
		};
		0C88B7FC1D543B6500B9DA08 /* Controllers */ = {
			isa = PBXGroup;
			children = (
				0C88B8191D543D8B00B9DA08 /* HHClassifyController.swift */,
			);
			path = Controllers;
			sourceTree = "<group>";
		};
		0C88B7FD1D543B6500B9DA08 /* Models */ = {
			isa = PBXGroup;
			children = (
			);
			path = Models;
			sourceTree = "<group>";
		};
		0C88B7FE1D543B6500B9DA08 /* Views */ = {
			isa = PBXGroup;
			children = (
			);
			path = Views;
			sourceTree = "<group>";
		};
		0C88B7FF1D543B6500B9DA08 /* Dantang */ = {
			isa = PBXGroup;
			children = (
				0C88B8001D543B6500B9DA08 /* Controllers */,
				0C88B8011D543B6500B9DA08 /* Models */,
				0C88B8021D543B6500B9DA08 /* Views */,
			);
			path = Dantang;
			sourceTree = "<group>";
		};
		0C88B8001D543B6500B9DA08 /* Controllers */ = {
			isa = PBXGroup;
			children = (
				0C88B8151D543D6600B9DA08 /* HHDantanController.swift */,
				0C722BDC1D5816E800DCEAD0 /* DantangChoiceViewController.swift */,
				0C722BDE1D58173E00DCEAD0 /* DantangClassifyViewController.swift */,
				0C96895C1D62E3770089A1CE /* HHDantangDetailViewController.swift */,
			);
			path = Controllers;
			sourceTree = "<group>";
		};
		0C88B8011D543B6500B9DA08 /* Models */ = {
			isa = PBXGroup;
			children = (
				0C917B6E1D5B141F00AE62DB /* HHChannel.swift */,
				0C917B701D5B289E00AE62DB /* HHBannerModel.swift */,
				0C917B721D5B347000AE62DB /* HHHomeItem.swift */,
			);
			path = Models;
			sourceTree = "<group>";
		};
		0C88B8021D543B6500B9DA08 /* Views */ = {
			isa = PBXGroup;
			children = (
				0C88B8261D545E4E00B9DA08 /* HHDanTangCell.swift */,
				0C722BE21D58697C00DCEAD0 /* HHDantangChoiceCell.swift */,
				0C648E0F1D5C5DF1001A8F4E /* HHHomeHeaderView.swift */,
			);
			path = Views;
			sourceTree = "<group>";
		};
		0C88B8031D543B6500B9DA08 /* Main */ = {
			isa = PBXGroup;
			children = (
				0C88B8041D543B6500B9DA08 /* Base */,
				0C88B8051D543B6500B9DA08 /* Categoey */,
				0C88B8061D543B6500B9DA08 /* Tools */,
			);
			path = Main;
			sourceTree = "<group>";
		};
		0C88B8041D543B6500B9DA08 /* Base */ = {
			isa = PBXGroup;
			children = (
				0C88B80F1D543C6E00B9DA08 /* HHTabbarController.swift */,
				0C88B8111D543CCF00B9DA08 /* HHNavigationController.swift */,
				0C88B8131D543CDC00B9DA08 /* HHBaseViewController.swift */,
			);
			path = Base;
			sourceTree = "<group>";
		};
		0C88B8051D543B6500B9DA08 /* Categoey */ = {
			isa = PBXGroup;
			children = (
				0C722BDA1D5815B300DCEAD0 /* UIView+Extension.swift */,
				0C722BE01D58179700DCEAD0 /* UIColor+Category.swift */,
				0C648E151D5C7751001A8F4E /* NSDate+Category.swift */,
			);
			path = Categoey;
			sourceTree = "<group>";
		};
		0C88B8061D543B6500B9DA08 /* Tools */ = {
			isa = PBXGroup;
			children = (
				0C88B8211D54565100B9DA08 /* HHCommon.swift */,
				0C88B82C1D54976200B9DA08 /* HHNetWorkTool.swift */,
				0C394E981D59D428007AA84A /* HHBannerView.h */,
				0C394E991D59D428007AA84A /* HHBannerView.m */,
				0C394E971D59D427007AA84A /* HH_Dantang(Swift)-Bridging-Header.h */,
				0C6D84FB1D66D0330059B8DA /* HHScrollView.swift */,
			);
			path = Tools;
			sourceTree = "<group>";
		};
		0C88B8071D543B6500B9DA08 /* Me */ = {
			isa = PBXGroup;
			children = (
				0C88B8081D543B6500B9DA08 /* Controllers */,
				0C88B8091D543B6500B9DA08 /* Models */,
				0C88B80A1D543B6500B9DA08 /* Views */,
			);
			path = Me;
			sourceTree = "<group>";
		};
		0C88B8081D543B6500B9DA08 /* Controllers */ = {
			isa = PBXGroup;
			children = (
				0C88B81B1D543D9900B9DA08 /* HHMeViewController.swift */,
			);
			path = Controllers;
			sourceTree = "<group>";
		};
		0C88B8091D543B6500B9DA08 /* Models */ = {
			isa = PBXGroup;
			children = (
			);
			path = Models;
			sourceTree = "<group>";
		};
		0C88B80A1D543B6500B9DA08 /* Views */ = {
			isa = PBXGroup;
			children = (
				0C96EBF01D6AE97400DF6013 /* HHMeHeaderView.swift */,
				0C5130671D6BE336000E7DBA /* HHMeFooterView.swift */,
			);
			path = Views;
			sourceTree = "<group>";
		};
		0C88B80B1D543B6500B9DA08 /* Product */ = {
			isa = PBXGroup;
			children = (
				0C88B80C1D543B6500B9DA08 /* Controllers */,
				0C88B80D1D543B6500B9DA08 /* Models */,
				0C88B80E1D543B6500B9DA08 /* Views */,
			);
			path = Product;
			sourceTree = "<group>";
		};
		0C88B80C1D543B6500B9DA08 /* Controllers */ = {
			isa = PBXGroup;
			children = (
				0C88B8171D543D7800B9DA08 /* HHProductController.swift */,
				0C917B6C1D5B05B000AE62DB /* HHProductDetailViewController.swift */,
			);
			path = Controllers;
			sourceTree = "<group>";
		};
		0C88B80D1D543B6500B9DA08 /* Models */ = {
			isa = PBXGroup;
			children = (
				0C88B82A1D547EA800B9DA08 /* HHProductModel.swift */,
				0C96EBEA1D6A9E7400DF6013 /* HHProductDetailModel.swift */,
				0C96EBEE1D6AD3C900DF6013 /* HHProductCommentModel.swift */,
			);
			path = Models;
			sourceTree = "<group>";
		};
		0C88B80E1D543B6500B9DA08 /* Views */ = {
			isa = PBXGroup;
			children = (
				0C88B8241D545C4500B9DA08 /* HHProductCell.swift */,
				0C3972481D6452FD00FEB5BD /* HHTableView.swift */,
				0C39724A1D645F7900FEB5BD /* HHPicDetailAndCommentView.swift */,
				0C96EBEC1D6AC56900DF6013 /* HHCommentCell.swift */,
				0CAA2BBF1D65B1930091E047 /* HHProductDetailTopCell.swift */,
			);
			path = Views;
			sourceTree = "<group>";
		};
		5D1FACEC99814A3187D488E7 /* Pods */ = {
			isa = PBXGroup;
			children = (
				7483EC2C201B51D2037D03EA /* Pods.debug.xcconfig */,
				3F0EEEC3DE071D7E33ADE654 /* Pods.release.xcconfig */,
			);
			name = Pods;
			sourceTree = "<group>";
		};
		97DBC88FE05918A5DA818566 /* Frameworks */ = {
			isa = PBXGroup;
			children = (
				5B7956724C578E6CE1491CD1 /* Pods.framework */,
			);
			name = Frameworks;
			sourceTree = "<group>";
		};
/* End PBXGroup section */

/* Begin PBXNativeTarget section */
		0C88B7E41D5439FE00B9DA08 /* HH_Dantang(Swift) */ = {
			isa = PBXNativeTarget;
			buildConfigurationList = 0C88B7F71D5439FE00B9DA08 /* Build configuration list for PBXNativeTarget "HH_Dantang(Swift)" */;
			buildPhases = (
				EF6D944FFF321A4A70570DC4 /* Check Pods Manifest.lock */,
				0C88B7E11D5439FE00B9DA08 /* Sources */,
				0C88B7E21D5439FE00B9DA08 /* Frameworks */,
				0C88B7E31D5439FE00B9DA08 /* Resources */,
				DB8BC741AD89C08CE171383A /* Embed Pods Frameworks */,
				B41F987D6239FF782EBEBEF5 /* Copy Pods Resources */,
			);
			buildRules = (
			);
			dependencies = (
			);
			name = "HH_Dantang(Swift)";
			productName = "HH_Dantang(Swift)";
			productReference = 0C88B7E51D5439FE00B9DA08 /* HH_Dantang(Swift).app */;
			productType = "com.apple.product-type.application";
		};
/* End PBXNativeTarget section */

/* Begin PBXProject section */
		0C88B7DD1D5439FE00B9DA08 /* Project object */ = {
			isa = PBXProject;
			attributes = {
				LastSwiftUpdateCheck = 0730;
				LastUpgradeCheck = 0730;
				ORGANIZATIONNAME = zhangjiahuan;
				TargetAttributes = {
					0C88B7E41D5439FE00B9DA08 = {
						CreatedOnToolsVersion = 7.3.1;
					};
				};
			};
			buildConfigurationList = 0C88B7E01D5439FE00B9DA08 /* Build configuration list for PBXProject "HH_Dantang(Swift)" */;
			compatibilityVersion = "Xcode 3.2";
			developmentRegion = English;
			hasScannedForEncodings = 0;
			knownRegions = (
				en,
				Base,
			);
			mainGroup = 0C88B7DC1D5439FE00B9DA08;
			productRefGroup = 0C88B7E61D5439FE00B9DA08 /* Products */;
			projectDirPath = "";
			projectRoot = "";
			targets = (
				0C88B7E41D5439FE00B9DA08 /* HH_Dantang(Swift) */,
			);
		};
/* End PBXProject section */

/* Begin PBXResourcesBuildPhase section */
		0C88B7E31D5439FE00B9DA08 /* Resources */ = {
			isa = PBXResourcesBuildPhase;
			buildActionMask = 2147483647;
			files = (
				0C88B8291D546BB200B9DA08 /* 1_1.jpg in Resources */,
				0C88B7F31D5439FE00B9DA08 /* LaunchScreen.storyboard in Resources */,
				0C88B7F01D5439FE00B9DA08 /* Assets.xcassets in Resources */,
			);
			runOnlyForDeploymentPostprocessing = 0;
		};
/* End PBXResourcesBuildPhase section */

/* Begin PBXShellScriptBuildPhase section */
		B41F987D6239FF782EBEBEF5 /* Copy Pods Resources */ = {
			isa = PBXShellScriptBuildPhase;
			buildActionMask = 2147483647;
			files = (
			);
			inputPaths = (
			);
			name = "Copy Pods Resources";
			outputPaths = (
			);
			runOnlyForDeploymentPostprocessing = 0;
			shellPath = /bin/sh;
			shellScript = "\"${SRCROOT}/Pods/Target Support Files/Pods/Pods-resources.sh\"\n";
			showEnvVarsInLog = 0;
		};
		DB8BC741AD89C08CE171383A /* Embed Pods Frameworks */ = {
			isa = PBXShellScriptBuildPhase;
			buildActionMask = 2147483647;
			files = (
			);
			inputPaths = (
			);
			name = "Embed Pods Frameworks";
			outputPaths = (
			);
			runOnlyForDeploymentPostprocessing = 0;
			shellPath = /bin/sh;
			shellScript = "\"${SRCROOT}/Pods/Target Support Files/Pods/Pods-frameworks.sh\"\n";
			showEnvVarsInLog = 0;
		};
		EF6D944FFF321A4A70570DC4 /* Check Pods Manifest.lock */ = {
			isa = PBXShellScriptBuildPhase;
			buildActionMask = 2147483647;
			files = (
			);
			inputPaths = (
			);
			name = "Check Pods Manifest.lock";
			outputPaths = (
			);
			runOnlyForDeploymentPostprocessing = 0;
			shellPath = /bin/sh;
			shellScript = "diff \"${PODS_ROOT}/../Podfile.lock\" \"${PODS_ROOT}/Manifest.lock\" > /dev/null\nif [[ $? != 0 ]] ; then\n    cat << EOM\nerror: The sandbox is not in sync with the Podfile.lock. Run 'pod install' or update your CocoaPods installation.\nEOM\n    exit 1\nfi\n";
			showEnvVarsInLog = 0;
		};
/* End PBXShellScriptBuildPhase section */

/* Begin PBXSourcesBuildPhase section */
		0C88B7E11D5439FE00B9DA08 /* Sources */ = {
			isa = PBXSourcesBuildPhase;
			buildActionMask = 2147483647;
			files = (
				0C3972491D6452FD00FEB5BD /* HHTableView.swift in Sources */,
				0C96EBED1D6AC56900DF6013 /* HHCommentCell.swift in Sources */,
				0C88B8121D543CCF00B9DA08 /* HHNavigationController.swift in Sources */,
				0C394EC61D59D60B007AA84A /* SDWebImagePrefetcher.m in Sources */,
				0C88B7E91D5439FE00B9DA08 /* AppDelegate.swift in Sources */,
				0C394ECA1D59D60B007AA84A /* UIImage+WebP.m in Sources */,
				0C917B6F1D5B141F00AE62DB /* HHChannel.swift in Sources */,
				0C394ECC1D59D60B007AA84A /* UIImageView+WebCache.m in Sources */,
				0C394EC41D59D60B007AA84A /* SDWebImageDownloaderOperation.m in Sources */,
				0C88B8161D543D6600B9DA08 /* HHDantanController.swift in Sources */,
				0C394ECB1D59D60B007AA84A /* UIImageView+HighlightedWebCache.m in Sources */,
				0C88B81A1D543D8B00B9DA08 /* HHClassifyController.swift in Sources */,
				0C394EC21D59D60B007AA84A /* SDWebImageDecoder.m in Sources */,
				0CAA2BC01D65B1930091E047 /* HHProductDetailTopCell.swift in Sources */,
				0C394EBF1D59D60B007AA84A /* NSData+ImageContentType.m in Sources */,
				0C88B8221D54565100B9DA08 /* HHCommon.swift in Sources */,
				0C88B82D1D54976200B9DA08 /* HHNetWorkTool.swift in Sources */,
				0C648E161D5C7751001A8F4E /* NSDate+Category.swift in Sources */,
				0C394EC01D59D60B007AA84A /* SDImageCache.m in Sources */,
				0C88B81C1D543D9900B9DA08 /* HHMeViewController.swift in Sources */,
				0C6D84FC1D66D0330059B8DA /* HHScrollView.swift in Sources */,
				0C88B8271D545E4E00B9DA08 /* HHDanTangCell.swift in Sources */,
				0C394EC51D59D60B007AA84A /* SDWebImageManager.m in Sources */,
				0C917B731D5B347000AE62DB /* HHHomeItem.swift in Sources */,
				0C394ECD1D59D60B007AA84A /* UIView+WebCacheOperation.m in Sources */,
				0C39724B1D645F7900FEB5BD /* HHPicDetailAndCommentView.swift in Sources */,
				0C722BE31D58697C00DCEAD0 /* HHDantangChoiceCell.swift in Sources */,
				0C96EBEF1D6AD3C900DF6013 /* HHProductCommentModel.swift in Sources */,
				0C722BDF1D58173E00DCEAD0 /* DantangClassifyViewController.swift in Sources */,
				0C96EBF11D6AE97400DF6013 /* HHMeHeaderView.swift in Sources */,
				0C722BDB1D5815B300DCEAD0 /* UIView+Extension.swift in Sources */,
				0C917B6D1D5B05B000AE62DB /* HHProductDetailViewController.swift in Sources */,
				0C394EC31D59D60B007AA84A /* SDWebImageDownloader.m in Sources */,
				0C96EBEB1D6A9E7400DF6013 /* HHProductDetailModel.swift in Sources */,
				0C394EC81D59D60B007AA84A /* UIImage+GIF.m in Sources */,
				0C88B8181D543D7800B9DA08 /* HHProductController.swift in Sources */,
				0C88B8251D545C4500B9DA08 /* HHProductCell.swift in Sources */,
				0C394EBE1D59D60B007AA84A /* MKAnnotationView+WebCache.m in Sources */,
				0C722BE11D58179700DCEAD0 /* UIColor+Category.swift in Sources */,
				0C648E101D5C5DF1001A8F4E /* HHHomeHeaderView.swift in Sources */,
				0C394E9A1D59D428007AA84A /* HHBannerView.m in Sources */,
				0C96895D1D62E3770089A1CE /* HHDantangDetailViewController.swift in Sources */,
				0C394EC91D59D60B007AA84A /* UIImage+MultiFormat.m in Sources */,
				0C5130681D6BE336000E7DBA /* HHMeFooterView.swift in Sources */,
				0C88B82B1D547EA800B9DA08 /* HHProductModel.swift in Sources */,
				0C394EC11D59D60B007AA84A /* SDWebImageCompat.m in Sources */,
				0C88B8101D543C6E00B9DA08 /* HHTabbarController.swift in Sources */,
				0C722BDD1D5816E800DCEAD0 /* DantangChoiceViewController.swift in Sources */,
				0C917B711D5B289E00AE62DB /* HHBannerModel.swift in Sources */,
				0C394EC71D59D60B007AA84A /* UIButton+WebCache.m in Sources */,
				0C88B8141D543CDC00B9DA08 /* HHBaseViewController.swift in Sources */,
			);
			runOnlyForDeploymentPostprocessing = 0;
		};
/* End PBXSourcesBuildPhase section */

/* Begin PBXVariantGroup section */
		0C88B7F11D5439FE00B9DA08 /* LaunchScreen.storyboard */ = {
			isa = PBXVariantGroup;
			children = (
				0C88B7F21D5439FE00B9DA08 /* Base */,
			);
			name = LaunchScreen.storyboard;
			sourceTree = "<group>";
		};
/* End PBXVariantGroup section */

/* Begin XCBuildConfiguration section */
		0C88B7F51D5439FE00B9DA08 /* Debug */ = {
			isa = XCBuildConfiguration;
			buildSettings = {
				ALWAYS_SEARCH_USER_PATHS = NO;
				CLANG_ANALYZER_NONNULL = YES;
				CLANG_CXX_LANGUAGE_STANDARD = "gnu++0x";
				CLANG_CXX_LIBRARY = "libc++";
				CLANG_ENABLE_MODULES = YES;
				CLANG_ENABLE_OBJC_ARC = YES;
				CLANG_WARN_BOOL_CONVERSION = YES;
				CLANG_WARN_CONSTANT_CONVERSION = YES;
				CLANG_WARN_DIRECT_OBJC_ISA_USAGE = YES_ERROR;
				CLANG_WARN_EMPTY_BODY = YES;
				CLANG_WARN_ENUM_CONVERSION = YES;
				CLANG_WARN_INT_CONVERSION = YES;
				CLANG_WARN_OBJC_ROOT_CLASS = YES_ERROR;
				CLANG_WARN_UNREACHABLE_CODE = YES;
				CLANG_WARN__DUPLICATE_METHOD_MATCH = YES;
				"CODE_SIGN_IDENTITY[sdk=iphoneos*]" = "iPhone Developer";
				COPY_PHASE_STRIP = NO;
				DEBUG_INFORMATION_FORMAT = dwarf;
				ENABLE_STRICT_OBJC_MSGSEND = YES;
				ENABLE_TESTABILITY = YES;
				GCC_C_LANGUAGE_STANDARD = gnu99;
				GCC_DYNAMIC_NO_PIC = NO;
				GCC_NO_COMMON_BLOCKS = YES;
				GCC_OPTIMIZATION_LEVEL = 0;
				GCC_PREPROCESSOR_DEFINITIONS = (
					"DEBUG=1",
					"$(inherited)",
				);
				GCC_WARN_64_TO_32_BIT_CONVERSION = YES;
				GCC_WARN_ABOUT_RETURN_TYPE = YES_ERROR;
				GCC_WARN_UNDECLARED_SELECTOR = YES;
				GCC_WARN_UNINITIALIZED_AUTOS = YES_AGGRESSIVE;
				GCC_WARN_UNUSED_FUNCTION = YES;
				GCC_WARN_UNUSED_VARIABLE = YES;
				IPHONEOS_DEPLOYMENT_TARGET = 9.3;
				MTL_ENABLE_DEBUG_INFO = YES;
				ONLY_ACTIVE_ARCH = YES;
				SDKROOT = iphoneos;
				SWIFT_OPTIMIZATION_LEVEL = "-Onone";
			};
			name = Debug;
		};
		0C88B7F61D5439FE00B9DA08 /* Release */ = {
			isa = XCBuildConfiguration;
			buildSettings = {
				ALWAYS_SEARCH_USER_PATHS = NO;
				CLANG_ANALYZER_NONNULL = YES;
				CLANG_CXX_LANGUAGE_STANDARD = "gnu++0x";
				CLANG_CXX_LIBRARY = "libc++";
				CLANG_ENABLE_MODULES = YES;
				CLANG_ENABLE_OBJC_ARC = YES;
				CLANG_WARN_BOOL_CONVERSION = YES;
				CLANG_WARN_CONSTANT_CONVERSION = YES;
				CLANG_WARN_DIRECT_OBJC_ISA_USAGE = YES_ERROR;
				CLANG_WARN_EMPTY_BODY = YES;
				CLANG_WARN_ENUM_CONVERSION = YES;
				CLANG_WARN_INT_CONVERSION = YES;
				CLANG_WARN_OBJC_ROOT_CLASS = YES_ERROR;
				CLANG_WARN_UNREACHABLE_CODE = YES;
				CLANG_WARN__DUPLICATE_METHOD_MATCH = YES;
				"CODE_SIGN_IDENTITY[sdk=iphoneos*]" = "iPhone Developer";
				COPY_PHASE_STRIP = NO;
				DEBUG_INFORMATION_FORMAT = "dwarf-with-dsym";
				ENABLE_NS_ASSERTIONS = NO;
				ENABLE_STRICT_OBJC_MSGSEND = YES;
				GCC_C_LANGUAGE_STANDARD = gnu99;
				GCC_NO_COMMON_BLOCKS = YES;
				GCC_WARN_64_TO_32_BIT_CONVERSION = YES;
				GCC_WARN_ABOUT_RETURN_TYPE = YES_ERROR;
				GCC_WARN_UNDECLARED_SELECTOR = YES;
				GCC_WARN_UNINITIALIZED_AUTOS = YES_AGGRESSIVE;
				GCC_WARN_UNUSED_FUNCTION = YES;
				GCC_WARN_UNUSED_VARIABLE = YES;
				IPHONEOS_DEPLOYMENT_TARGET = 9.3;
				MTL_ENABLE_DEBUG_INFO = NO;
				SDKROOT = iphoneos;
				VALIDATE_PRODUCT = YES;
			};
			name = Release;
		};
		0C88B7F81D5439FE00B9DA08 /* Debug */ = {
			isa = XCBuildConfiguration;
			baseConfigurationReference = 7483EC2C201B51D2037D03EA /* Pods.debug.xcconfig */;
			buildSettings = {
				ASSETCATALOG_COMPILER_APPICON_NAME = AppIcon;
				CLANG_ENABLE_MODULES = YES;
				INFOPLIST_FILE = "HH_Dantang(Swift)/Info.plist";
				LD_RUNPATH_SEARCH_PATHS = "$(inherited) @executable_path/Frameworks";
				PRODUCT_BUNDLE_IDENTIFIER = "com.zhangjiahuan.HH-Dantang-Swift-";
				PRODUCT_NAME = "$(TARGET_NAME)";
				SWIFT_OBJC_BRIDGING_HEADER = "HH_Dantang(Swift)/Classes/Main/Tools/HH_Dantang(Swift)-Bridging-Header.h";
				SWIFT_OPTIMIZATION_LEVEL = "-Onone";
			};
			name = Debug;
		};
		0C88B7F91D5439FE00B9DA08 /* Release */ = {
			isa = XCBuildConfiguration;
			baseConfigurationReference = 3F0EEEC3DE071D7E33ADE654 /* Pods.release.xcconfig */;
			buildSettings = {
				ASSETCATALOG_COMPILER_APPICON_NAME = AppIcon;
				CLANG_ENABLE_MODULES = YES;
				INFOPLIST_FILE = "HH_Dantang(Swift)/Info.plist";
				LD_RUNPATH_SEARCH_PATHS = "$(inherited) @executable_path/Frameworks";
				PRODUCT_BUNDLE_IDENTIFIER = "com.zhangjiahuan.HH-Dantang-Swift-";
				PRODUCT_NAME = "$(TARGET_NAME)";
				SWIFT_OBJC_BRIDGING_HEADER = "HH_Dantang(Swift)/Classes/Main/Tools/HH_Dantang(Swift)-Bridging-Header.h";
			};
			name = Release;
		};
/* End XCBuildConfiguration section */

/* Begin XCConfigurationList section */
		0C88B7E01D5439FE00B9DA08 /* Build configuration list for PBXProject "HH_Dantang(Swift)" */ = {
			isa = XCConfigurationList;
			buildConfigurations = (
				0C88B7F51D5439FE00B9DA08 /* Debug */,
				0C88B7F61D5439FE00B9DA08 /* Release */,
			);
			defaultConfigurationIsVisible = 0;
			defaultConfigurationName = Release;
		};
		0C88B7F71D5439FE00B9DA08 /* Build configuration list for PBXNativeTarget "HH_Dantang(Swift)" */ = {
			isa = XCConfigurationList;
			buildConfigurations = (
				0C88B7F81D5439FE00B9DA08 /* Debug */,
				0C88B7F91D5439FE00B9DA08 /* Release */,
			);
			defaultConfigurationIsVisible = 0;
			defaultConfigurationName = Release;
		};
/* End XCConfigurationList section */
	};
	rootObject = 0C88B7DD1D5439FE00B9DA08 /* Project object */;
}
